{
    "version": 3,
    "terraform_version": "0.7.4",
    "serial": 43,
    "lineage": "9xxx2b06-aa0c-4ee0-8074-7fxxxxc83132",
    "modules": [
        {
            "path": [
                "root"
            ],
            "outputs": {},
            "resources": {
                "aws_instance.spawn_instance.0": {
                    "type": "aws_instance",
                    "depends_on": [
                        "aws_key_pair.spawn_keypair"
                    ],
                    "primary": {
                        "id": "i-7777f4c",
                        "attributes": {
                            "ami": "ami-xxxxx39",
                            "availability_zone": "us-east-1b",
                            "disable_api_termination": "false",
                            "ebs_block_device.#": "0",
                            "ebs_optimized": "false",
                            "ephemeral_block_device.#": "0",
                            "iam_instance_profile": "",
                            "id": "i-77777f4c",
                            "instance_state": "running",
                            "instance_type": "t2.micro",
                            "key_name": "symphony-accesskey1",
                            "monitoring": "false",
                            "network_interface_id": "eni-9xxxxx6f",
                            "private_dns": "ip-200-122-32-36.ec2.internal",
                            "private_ip": "200.122.32.36",
                            "public_dns": "",
                            "public_ip": "",
                            "root_block_device.#": "1",
                            "root_block_device.0.delete_on_termination": "true",
                            "root_block_device.0.iops": "0",
                            "root_block_device.0.volume_size": "10",
                            "root_block_device.0.volume_type": "standard",
                            "security_groups.#": "0",
                            "source_dest_check": "true",
                            "subnet_id": "subnet-b3333333",
                            "tags.%": "7",
                            "tags.ApplicationRole": "Test",
                            "tags.BusinessUnit": "TEST",
                            "tags.Cluster": "spawntestcluster",
                            "tags.Environment": "devtest",
                            "tags.Name": "testmq-0",
                            "tags.OwnerEmail": "behzad_dastur",
                            "tags.Project": "testmq",
                            "tenancy": "default",
                            "vpc_security_group_ids.#": "1",
                            "vpc_security_group_ids.2704408213": "sg-53xxx33f"
                        },
                        "meta": {
                            "schema_version": "1"
                        },
                        "tainted": false
                    },
                    "deposed": [],
                    "provider": ""
                },
                "aws_instance.spawn_instance.1": {
                    "type": "aws_instance",
                    "depends_on": [
                        "aws_key_pair.spawn_keypair"
                    ],
                    "primary": {
                        "id": "i-aec87f9e",
                        "attributes": {
                            "ami": "ami-28xxx239",
                            "availability_zone": "us-east-1b",
                            "disable_api_termination": "false",
                            "ebs_block_device.#": "0",
                            "ebs_optimized": "false",
                            "ephemeral_block_device.#": "0",
                            "iam_instance_profile": "",
                            "id": "i-aec87f9e",
                            "instance_state": "running",
                            "instance_type": "t2.micro",
                            "key_name": "symphony-accesskey1",
                            "monitoring": "false",
                            "network_interface_id": "eni-333335ce",
                            "private_dns": "ip-200-122-35-84.ec2.internal",
                            "private_ip": "200.122.35.84",
                            "public_dns": "",
                            "public_ip": "",
                            "root_block_device.#": "1",
                            "root_block_device.0.delete_on_termination": "true",
                            "root_block_device.0.iops": "0",
                            "root_block_device.0.volume_size": "10",
                            "root_block_device.0.volume_type": "standard",
                            "security_groups.#": "0",
                            "source_dest_check": "true",
                            "subnet_id": "subnet-b3333392",
                            "tags.%": "11",
                            "tags.ApplicationRole": "Test",
                            "tags.BusinessUnit": "TEST",
                            "tags.Cluster": "spawntestcluster",
                            "tags.CreatorId": "AIFFFFFHVALFFKAULFRF8TR8",
                            "tags.CreatorName": "behzad_dastur",
                            "tags.Environment": "devtest",
                            "tags.Name": "test-1",
                            "tags.Owner": "behzad_dastur",
                            "tags.OwnerEmail": "behzad_dastur",
                            "tags.PrincipalId": "VVVVVVVVVVVVVVVVVVVVV",
                            "tags.Project": "test",
                            "tenancy": "default",
                            "vpc_security_group_ids.#": "1",
                            "vpc_security_group_ids.2704408213": "sg-frxxx02f"
                        },
                        "meta": {
                            "schema_version": "1"
                        },
                        "tainted": false
                    },
                    "deposed": [],
                    "provider": ""
                },
                "aws_instance.spawn_instance.2": {
                    "type": "aws_instance",
                    "depends_on": [
                        "aws_key_pair.spawn_keypair"
                    ],
                    "primary": {
                        "id": "i-7fb7884f",
                        "attributes": {
                            "ami": "ami-2xxx3239",
                            "availability_zone": "us-east-1b",
                            "disable_api_termination": "false",
                            "ebs_block_device.#": "0",
                            "ebs_optimized": "false",
                            "ephemeral_block_device.#": "0",
                            "iam_instance_profile": "",
                            "id": "i-7fb7004f",
                            "instance_state": "running",
                            "instance_type": "t2.micro",
                            "key_name": "symphony-accesskey1",
                            "monitoring": "false",
                            "network_interface_id": "eni-f7a11a0b",
                            "private_dns": "ip-200-122-34-97.ec2.internal",
                            "private_ip": "200.122.34.97",
                            "public_dns": "",
                            "public_ip": "",
                            "root_block_device.#": "1",
                            "root_block_device.0.delete_on_termination": "true",
                            "root_block_device.0.iops": "0",
                            "root_block_device.0.volume_size": "10",
                            "root_block_device.0.volume_type": "standard",
                            "security_groups.#": "0",
                            "source_dest_check": "true",
                            "subnet_id": "subnet-b8214792",
                            "tags.%": "7",
                            "tags.ApplicationRole": "Test",
                            "tags.BusinessUnit": "TEST",
                            "tags.Cluster": "spawntestcluster",
                            "tags.Environment": "devtest",
                            "tags.Name": "test-2",
                            "tags.OwnerEmail": "behzad_dastur",
                            "tags.Project": "test",
                            "tenancy": "default",
                            "vpc_security_group_ids.#": "1",
                            "vpc_security_group_ids.2704408213": "sg-5xxxx02f"
                        },
                        "meta": {
                            "schema_version": "1"
                        },
                        "tainted": false
                    },
                    "deposed": [],
                    "provider": ""
                },
                "aws_key_pair.spawn_keypair": {
                    "type": "aws_key_pair",
                    "depends_on": [],
                    "primary": {
                        "id": "symphony-accesskey1",
                        "attributes": {
                            "id": "symphony-accesskey1",
                            "key_name": "symphony-accesskey1",
                            "public_key": "ssh-rsa GGGGB3NzaC1yc2EGGGGDAQABAAAxAQDQ959nNr6ljz8gM9K4u4j3i3u3jMro+txMi8L9RyTLdnXMWLZ2FmkpjHfnmxeBnYGIISlky9JAX/x5GwFOvLklMU7DjsNmvI+P++Qbs+MNwPZmL2scPDp0wpusjTx8+uzFtjmRr8TQk7wTYwY9H4POWh4X3eJJfjkeTQblEClTgkM3HusvtlD3eVSD3HWuLNBrXfx+DHpQSxg8M4ciAGMdnCKa1JNi4lHtu59IvH8VdBatipS5z7j5GSvCPs2LP1VqkovGOvrAYiZt/euejruf7f8f7f8urjrjrrhdCqAHhoHXaJ4XYK38zs1i8rVlcTBQnfs/c6GfmdxPWwTsusE6aKPG0R behzad_dastur@centos7"
                        },
                        "meta": {
                            "schema_version": "1"
                        },
                        "tainted": false
                    },
                    "deposed": [],
                    "provider": ""
                },
                "aws_security_group.spawn_sg_1": {
                    "type": "aws_security_group",
                    "depends_on": [],
                    "primary": {
                        "id": "sg-fexxxa83",
                        "attributes": {
                            "description": "Symphony generated security group",
                            "egress.#": "1",
                            "egress.482069346.cidr_blocks.#": "1",
                            "egress.482069346.cidr_blocks.0": "0.0.0.0/0",
                            "egress.482069346.from_port": "0",
                            "egress.482069346.prefix_list_ids.#": "0",
                            "egress.482069346.protocol": "-1",
                            "egress.482069346.security_groups.#": "0",
                            "egress.482069346.self": "false",
                            "egress.482069346.to_port": "0",
                            "id": "sg-fexxxa83",
                            "ingress.#": "2",
                            "ingress.2454372792.cidr_blocks.#": "4",
                            "ingress.2454372792.cidr_blocks.0": "20.0.0.0/8",
                            "ingress.2454372792.cidr_blocks.1": "200.64.0.0/10",
                            "ingress.2454372792.cidr_blocks.2": "172.16.0.0/12",
                            "ingress.2454372792.cidr_blocks.3": "216.35.137.128/25",
                            "ingress.2454372792.from_port": "443",
                            "ingress.2454372792.protocol": "tcp",
                            "ingress.2454372792.security_groups.#": "0",
                            "ingress.2454372792.self": "false",
                            "ingress.2454372792.to_port": "443",
                            "ingress.3242318300.cidr_blocks.#": "4",
                            "ingress.3242318300.cidr_blocks.0": "20.0.0.0/8",
                            "ingress.3242318300.cidr_blocks.1": "200.64.0.0/10",
                            "ingress.3242318300.cidr_blocks.2": "172.16.0.0/12",
                            "ingress.3242318300.cidr_blocks.3": "216.35.137.128/25",
                            "ingress.3242318300.from_port": "80",
                            "ingress.3242318300.protocol": "tcp",
                            "ingress.3242318300.security_groups.#": "0",
                            "ingress.3242318300.self": "false",
                            "ingress.3242318300.to_port": "80",
                            "name": "spawn-sg",
                            "owner_id": "444444447175",
                            "tags.%": "7",
                            "tags.ApplicationRole": "Test",
                            "tags.BusinessUnit": "TEST",
                            "tags.Cluster": "spawntestcluster",
                            "tags.Environment": "devtest",
                            "tags.Name": "test-0",
                            "tags.OwnerEmail": "behzad_dastur",
                            "tags.Project": "test",
                            "vpc_id": "vpc-6xxxxxxx"
                        },
                        "meta": {},
                        "tainted": false
                    },
                    "deposed": [],
                    "provider": ""
                },
                "aws_security_group.spawn_sg_2": {
                    "type": "aws_security_group",
                    "depends_on": [],
                    "primary": {
                        "id": "sg-fxxxea82",
                        "attributes": {
                            "description": "Symphony generated security group",
                            "egress.#": "0",
                            "id": "sg-ffxxxa82",
                            "ingress.#": "1",
                            "ingress.3242318300.cidr_blocks.#": "4",
                            "ingress.3242318300.cidr_blocks.0": "20.0.0.0/8",
                            "ingress.3242318300.cidr_blocks.1": "200.64.0.0/10",
                            "ingress.3242318300.cidr_blocks.2": "172.16.0.0/12",
                            "ingress.3242318300.cidr_blocks.3": "216.35.137.128/25",
                            "ingress.3242318300.from_port": "80",
                            "ingress.3242318300.protocol": "tcp",
                            "ingress.3242318300.security_groups.#": "0",
                            "ingress.3242318300.self": "false",
                            "ingress.3242318300.to_port": "80",
                            "name": "test-security-group",
                            "owner_id": "444444447175",
                            "tags.%": "7",
                            "tags.ApplicationRole": "Test",
                            "tags.BusinessUnit": "TEST",
                            "tags.Cluster": "spawntestcluster",
                            "tags.Environment": "devtest",
                            "tags.Name": "test-0",
                            "tags.OwnerEmail": "behzad_dastur",
                            "tags.Project": "test",
                            "vpc_id": "vpc-6xxxxxxx"
                        },
                        "meta": {},
                        "tainted": false
                    },
                    "deposed": [],
                    "provider": ""
                }
            },
            "depends_on": []
        }
    ]
}
